
Microsoft Visual Studio Solution File, Format Version 12.00
# Visual Studio Version 16
VisualStudioVersion = 16.0.33927.289
MinimumVisualStudioVersion = 10.0.40219.1
Project("{FAE04EC0-301F-11D3-BF4B-00C04F79EFBC}") = "Tyuiu.KondrakovAA.Sprint7.Project.V9", "Tyuiu.KondrakovAA.Sprint7.Project.V9\Tyuiu.KondrakovAA.Sprint7.Project.V9.csproj", "{8E49E0B0-98E8-45F0-8A43-C5621C5F92E4}"
EndProject
Project("{FAE04EC0-301F-11D3-BF4B-00C04F79EFBC}") = "Tyuiu.KondrakovAA.Sprint7.Project.V9.Lib", "Tyuiu.KondrakovAA.Sprint7.Project.V9.Lib\Tyuiu.KondrakovAA.Sprint7.Project.V9.Lib.csproj", "{1D72FEB2-6538-4A0C-9762-AE60E1AA5FDD}"
EndProject
Project("{FAE04EC0-301F-11D3-BF4B-00C04F79EFBC}") = "Tyuiu.KondrakovAA.Sprint7.Project.V9.Test", "Tyuiu.KondrakovAA.Sprint7.Project.V9.Test\Tyuiu.KondrakovAA.Sprint7.Project.V9.Test.csproj", "{7E063DDC-A49A-4945-B63C-BCE6C97C2013}"
EndProject
Global
	GlobalSection(SolutionConfigurationPlatforms) = preSolution
		Debug|Any CPU = Debug|Any CPU
		Release|Any CPU = Release|Any CPU
	EndGlobalSection
	GlobalSection(ProjectConfigurationPlatforms) = postSolution
		{8E49E0B0-98E8-45F0-8A43-C5621C5F92E4}.Debug|Any CPU.ActiveCfg = Debug|Any CPU
		{8E49E0B0-98E8-45F0-8A43-C5621C5F92E4}.Debug|Any CPU.Build.0 = Debug|Any CPU
		{8E49E0B0-98E8-45F0-8A43-C5621C5F92E4}.Release|Any CPU.ActiveCfg = Release|Any CPU
		{8E49E0B0-98E8-45F0-8A43-C5621C5F92E4}.Release|Any CPU.Build.0 = Release|Any CPU
		{1D72FEB2-6538-4A0C-9762-AE60E1AA5FDD}.Debug|Any CPU.ActiveCfg = Debug|Any CPU
		{1D72FEB2-6538-4A0C-9762-AE60E1AA5FDD}.Debug|Any CPU.Build.0 = Debug|Any CPU
		{1D72FEB2-6538-4A0C-9762-AE60E1AA5FDD}.Release|Any CPU.ActiveCfg = Release|Any CPU
		{1D72FEB2-6538-4A0C-9762-AE60E1AA5FDD}.Release|Any CPU.Build.0 = Release|Any CPU
		{7E063DDC-A49A-4945-B63C-BCE6C97C2013}.Debug|Any CPU.ActiveCfg = Debug|Any CPU
		{7E063DDC-A49A-4945-B63C-BCE6C97C2013}.Debug|Any CPU.Build.0 = Debug|Any CPU
		{7E063DDC-A49A-4945-B63C-BCE6C97C2013}.Release|Any CPU.ActiveCfg = Release|Any CPU
		{7E063DDC-A49A-4945-B63C-BCE6C97C2013}.Release|Any CPU.Build.0 = Release|Any CPU
	EndGlobalSection
	GlobalSection(SolutionProperties) = preSolution
		HideSolutionNode = FALSE
	EndGlobalSection
	GlobalSection(ExtensibilityGlobals) = postSolution
		SolutionGuid = {D48A7514-A9B8-40B0-9B7E-A808149B4664}
	EndGlobalSection
EndGlobal
